
Microsoft Visual Studio Solution File, Format Version 12.00
# Visual Studio 15
VisualStudioVersion = 15.0.26730.16
MinimumVisualStudioVersion = 10.0.40219.1
Project("{FAE04EC0-301F-11D3-BF4B-00C04F79EFBC}") = "Lab04Kyle", "Lab04Kyle\Lab04Kyle.csproj", "{2CF67AF7-C4AB-4B0A-8242-53950DE9E081}"
EndProject
Global
	GlobalSection(SolutionConfigurationPlatforms) = preSolution
		Debug|Any CPU = Debug|Any CPU
		Release|Any CPU = Release|Any CPU
	EndGlobalSection
	GlobalSection(ProjectConfigurationPlatforms) = postSolution
		{2CF67AF7-C4AB-4B0A-8242-53950DE9E081}.Debug|Any CPU.ActiveCfg = Debug|Any CPU
		{2CF67AF7-C4AB-4B0A-8242-53950DE9E081}.Debug|Any CPU.Build.0 = Debug|Any CPU
		{2CF67AF7-C4AB-4B0A-8242-53950DE9E081}.Release|Any CPU.ActiveCfg = Release|Any CPU
		{2CF67AF7-C4AB-4B0A-8242-53950DE9E081}.Release|Any CPU.Build.0 = Release|Any CPU
	EndGlobalSection
	GlobalSection(SolutionProperties) = preSolution
		HideSolutionNode = FALSE
	EndGlobalSection
	GlobalSection(ExtensibilityGlobals) = postSolution
		SolutionGuid = {9A5754C4-3AFB-4DC4-91A3-01DE748C69DA}
	EndGlobalSection
EndGlobal
